
Microsoft Visual Studio Solution File, Format Version 12.00
# Visual Studio 14
VisualStudioVersion = 14.0.25420.1
MinimumVisualStudioVersion = 10.0.40219.1
Project("{FAE04EC0-301F-11D3-BF4B-00C04F79EFBC}") = "tht_ozel_mesaj", "tht_ozel_mesaj\tht_ozel_mesaj.csproj", "{8023B933-20D0-450D-86AF-60B2BAD1FF6E}"
EndProject
Global
	GlobalSection(SolutionConfigurationPlatforms) = preSolution
		Debug|Any CPU = Debug|Any CPU
		Release|Any CPU = Release|Any CPU
	EndGlobalSection
	GlobalSection(ProjectConfigurationPlatforms) = postSolution
		{8023B933-20D0-450D-86AF-60B2BAD1FF6E}.Debug|Any CPU.ActiveCfg = Debug|Any CPU
		{8023B933-20D0-450D-86AF-60B2BAD1FF6E}.Debug|Any CPU.Build.0 = Debug|Any CPU
		{8023B933-20D0-450D-86AF-60B2BAD1FF6E}.Release|Any CPU.ActiveCfg = Release|Any CPU
		{8023B933-20D0-450D-86AF-60B2BAD1FF6E}.Release|Any CPU.Build.0 = Release|Any CPU
	EndGlobalSection
	GlobalSection(SolutionProperties) = preSolution
		HideSolutionNode = FALSE
	EndGlobalSection
EndGlobal
